
Microsoft Visual Studio Solution File, Format Version 12.00
# Visual Studio Version 16
VisualStudioVersion = 16.0.31702.278
MinimumVisualStudioVersion = 10.0.40219.1
Project("{FAE04EC0-301F-11D3-BF4B-00C04F79EFBC}") = "Lab17WpfApp", "Lab17WpfApp\Lab17WpfApp.csproj", "{46066073-DC40-47B9-9352-EBC81A4FF940}"
EndProject
Global
	GlobalSection(SolutionConfigurationPlatforms) = preSolution
		Debug|Any CPU = Debug|Any CPU
		Release|Any CPU = Release|Any CPU
	EndGlobalSection
	GlobalSection(ProjectConfigurationPlatforms) = postSolution
		{46066073-DC40-47B9-9352-EBC81A4FF940}.Debug|Any CPU.ActiveCfg = Debug|Any CPU
		{46066073-DC40-47B9-9352-EBC81A4FF940}.Debug|Any CPU.Build.0 = Debug|Any CPU
		{46066073-DC40-47B9-9352-EBC81A4FF940}.Release|Any CPU.ActiveCfg = Release|Any CPU
		{46066073-DC40-47B9-9352-EBC81A4FF940}.Release|Any CPU.Build.0 = Release|Any CPU
	EndGlobalSection
	GlobalSection(SolutionProperties) = preSolution
		HideSolutionNode = FALSE
	EndGlobalSection
	GlobalSection(ExtensibilityGlobals) = postSolution
		SolutionGuid = {D868BF83-EF9F-4FCA-B97A-B0239AF28B43}
	EndGlobalSection
EndGlobal
